
Microsoft Visual Studio Solution File, Format Version 12.00
Project("{FAE04EC0-301F-11D3-BF4B-00C04F79EFBC}") = "Semantic.Editor", "Semantic.Editor\Semantic.Editor.csproj", "{FB33E272-C89F-4D03-8B64-33C0093C4401}"
EndProject
Global
	GlobalSection(SolutionConfigurationPlatforms) = preSolution
		Debug|Any CPU = Debug|Any CPU
		Release|Any CPU = Release|Any CPU
	EndGlobalSection
	GlobalSection(ProjectConfigurationPlatforms) = postSolution
		{FB33E272-C89F-4D03-8B64-33C0093C4401}.Debug|Any CPU.ActiveCfg = Debug|Any CPU
		{FB33E272-C89F-4D03-8B64-33C0093C4401}.Debug|Any CPU.Build.0 = Debug|Any CPU
		{FB33E272-C89F-4D03-8B64-33C0093C4401}.Release|Any CPU.ActiveCfg = Release|Any CPU
		{FB33E272-C89F-4D03-8B64-33C0093C4401}.Release|Any CPU.Build.0 = Release|Any CPU
	EndGlobalSection
EndGlobal
